<?xml version="1.0" encoding="utf-8"?>
<Project ToolsVersion="4.0" xmlns="http://schemas.microsoft.com/developer/msbuild/2003">
  <ItemGroup>
    <Filter Include="01. Types">
      <UniqueIdentifier>{5d9a36c0-d0f0-4cf2-9dfa-13e399ee1fd0}</UniqueIdentifier>
    </Filter>
    <Filter Include="00. Application">
      <UniqueIdentifier>{3d087296-a432-4334-9e0e-d0b5d6fe9aa8}</UniqueIdentifier>
    </Filter>
    <Filter Include="03. Node">
      <UniqueIdentifier>{cc1bb762-a677-4f63-8317-a19cfcb0fff4}</UniqueIdentifier>
    </Filter>
    <Filter Include="04. Scene">
      <UniqueIdentifier>{9894b2b3-3040-4801-886b-cac750824953}</UniqueIdentifier>
    </Filter>
    <Filter Include="02. Ref">
      <UniqueIdentifier>{c5b345c1-2f53-474f-a6de-3ad68a044a86}</UniqueIdentifier>
    </Filter>
    <Filter Include="05. Texture">
      <UniqueIdentifier>{aa135ad9-e22b-45ee-8282-63bf2d1ffb9d}</UniqueIdentifier>
    </Filter>
    <Filter Include="Library">
      <UniqueIdentifier>{57d70974-fc4f-4aea-a320-35fef499d1f6}</UniqueIdentifier>
    </Filter>
    <Filter Include="Library\DXUT">
      <UniqueIdentifier>{b46c13e5-37ec-43da-bafd-56381e325453}</UniqueIdentifier>
    </Filter>
    <Filter Include="07. Director">
      <UniqueIdentifier>{6ae0920f-2abf-43bf-9aa9-ef824d934537}</UniqueIdentifier>
    </Filter>
    <Filter Include="06. Renderer">
      <UniqueIdentifier>{4ca35851-0a73-4f8c-b366-27c06b837493}</UniqueIdentifier>
    </Filter>
    <Filter Include="08. Collider">
      <UniqueIdentifier>{3dd0aa6a-a587-415c-aadd-a0fd51791f2c}</UniqueIdentifier>
    </Filter>
    <Filter Include="09. Sprite">
      <UniqueIdentifier>{ebe344d6-f76b-4be4-bf44-daf224e82e38}</UniqueIdentifier>
    </Filter>
    <Filter Include="10. Animation">
      <UniqueIdentifier>{b8ba2625-7c18-4060-8aee-f8dce7858581}</UniqueIdentifier>
    </Filter>
    <Filter Include="11. ALLog">
      <UniqueIdentifier>{e7a9f798-64fe-473e-84ee-250a3df336a7}</UniqueIdentifier>
    </Filter>
  </ItemGroup>
  <ItemGroup>
    <ClCompile Include="Types.cpp">
      <Filter>01. Types</Filter>
    </ClCompile>
    <ClCompile Include="Node.cpp">
      <Filter>03. Node</Filter>
    </ClCompile>
    <ClCompile Include="Application.cpp">
      <Filter>00. Application</Filter>
    </ClCompile>
    <ClCompile Include="Scene.cpp">
      <Filter>04. Scene</Filter>
    </ClCompile>
    <ClCompile Include="Ref.cpp">
      <Filter>02. Ref</Filter>
    </ClCompile>
    <ClCompile Include="AutoReleasePool.cpp">
      <Filter>02. Ref</Filter>
    </ClCompile>
    <ClCompile Include="Texture.cpp">
      <Filter>05. Texture</Filter>
    </ClCompile>
    <ClCompile Include="Director.cpp">
      <Filter>07. Director</Filter>
    </ClCompile>
    <ClCompile Include="DXUT\Core\DXUT.cpp">
      <Filter>Library\DXUT</Filter>
    </ClCompile>
    <ClCompile Include="DXUT\Core\DXUTenum.cpp">
      <Filter>Library\DXUT</Filter>
    </ClCompile>
    <ClCompile Include="DXUT\Core\DXUTmisc.cpp">
      <Filter>Library\DXUT</Filter>
    </ClCompile>
    <ClCompile Include="DXUT\Optional\DXUTcamera.cpp">
      <Filter>Library\DXUT</Filter>
    </ClCompile>
    <ClCompile Include="DXUT\Optional\DXUTgui.cpp">
      <Filter>Library\DXUT</Filter>
    </ClCompile>
    <ClCompile Include="DXUT\Optional\DXUTguiIME.cpp">
      <Filter>Library\DXUT</Filter>
    </ClCompile>
    <ClCompile Include="DXUT\Optional\DXUTres.cpp">
      <Filter>Library\DXUT</Filter>
    </ClCompile>
    <ClCompile Include="DXUT\Optional\DXUTsettingsdlg.cpp">
      <Filter>Library\DXUT</Filter>
    </ClCompile>
    <ClCompile Include="DXUT\Optional\DXUTShapes.cpp">
      <Filter>Library\DXUT</Filter>
    </ClCompile>
    <ClCompile Include="DXUT\Optional\ImeUi.cpp">
      <Filter>Library\DXUT</Filter>
    </ClCompile>
    <ClCompile Include="DXUT\Optional\SDKmesh.cpp">
      <Filter>Library\DXUT</Filter>
    </ClCompile>
    <ClCompile Include="DXUT\Optional\SDKmisc.cpp">
      <Filter>Library\DXUT</Filter>
    </ClCompile>
    <ClCompile Include="DXUT\Optional\SDKsound.cpp">
      <Filter>Library\DXUT</Filter>
    </ClCompile>
    <ClCompile Include="DXUT\Optional\SDKwavefile.cpp">
      <Filter>Library\DXUT</Filter>
    </ClCompile>
    <ClCompile Include="Renderer.cpp">
      <Filter>06. Renderer</Filter>
    </ClCompile>
    <ClCompile Include="Collider.cpp">
      <Filter>08. Collider</Filter>
    </ClCompile>
    <ClCompile Include="Sprite.cpp">
      <Filter>09. Sprite</Filter>
    </ClCompile>
    <ClCompile Include="ALLog.cpp">
      <Filter>11. ALLog</Filter>
    </ClCompile>
  </ItemGroup>
  <ItemGroup>
    <ClInclude Include="Types.h">
      <Filter>01. Types</Filter>
    </ClInclude>
    <ClInclude Include="Node.h">
      <Filter>03. Node</Filter>
    </ClInclude>
    <ClInclude Include="Application.h">
      <Filter>00. Application</Filter>
    </ClInclude>
    <ClInclude Include="Core.h" />
    <ClInclude Include="Scene.h">
      <Filter>04. Scene</Filter>
    </ClInclude>
    <ClInclude Include="Ref.h">
      <Filter>02. Ref</Filter>
    </ClInclude>
    <ClInclude Include="AutoReleasePool.h">
      <Filter>02. Ref</Filter>
    </ClInclude>
    <ClInclude Include="Texture.h">
      <Filter>05. Texture</Filter>
    </ClInclude>
    <ClInclude Include="Director.h">
      <Filter>07. Director</Filter>
    </ClInclude>
    <ClInclude Include="DXUT\Core\DXUT.h">
      <Filter>Library\DXUT</Filter>
    </ClInclude>
    <ClInclude Include="DXUT\Core\DXUTenum.h">
      <Filter>Library\DXUT</Filter>
    </ClInclude>
    <ClInclude Include="DXUT\Core\DXUTmisc.h">
      <Filter>Library\DXUT</Filter>
    </ClInclude>
    <ClInclude Include="DXUT\Optional\DXUTcamera.h">
      <Filter>Library\DXUT</Filter>
    </ClInclude>
    <ClInclude Include="DXUT\Optional\DXUTgui.h">
      <Filter>Library\DXUT</Filter>
    </ClInclude>
    <ClInclude Include="DXUT\Optional\DXUTguiIME.h">
      <Filter>Library\DXUT</Filter>
    </ClInclude>
    <ClInclude Include="DXUT\Optional\DXUTLockFreePipe.h">
      <Filter>Library\DXUT</Filter>
    </ClInclude>
    <ClInclude Include="DXUT\Optional\DXUTres.h">
      <Filter>Library\DXUT</Filter>
    </ClInclude>
    <ClInclude Include="DXUT\Optional\DXUTsettingsdlg.h">
      <Filter>Library\DXUT</Filter>
    </ClInclude>
    <ClInclude Include="DXUT\Optional\DXUTShapes.h">
      <Filter>Library\DXUT</Filter>
    </ClInclude>
    <ClInclude Include="DXUT\Optional\ImeUi.h">
      <Filter>Library\DXUT</Filter>
    </ClInclude>
    <ClInclude Include="DXUT\Optional\SDKmesh.h">
      <Filter>Library\DXUT</Filter>
    </ClInclude>
    <ClInclude Include="DXUT\Optional\SDKmisc.h">
      <Filter>Library\DXUT</Filter>
    </ClInclude>
    <ClInclude Include="DXUT\Optional\SDKsound.h">
      <Filter>Library\DXUT</Filter>
    </ClInclude>
    <ClInclude Include="DXUT\Optional\SDKwavefile.h">
      <Filter>Library\DXUT</Filter>
    </ClInclude>
    <ClInclude Include="Renderer.h">
      <Filter>06. Renderer</Filter>
    </ClInclude>
    <ClInclude Include="Collider.h">
      <Filter>08. Collider</Filter>
    </ClInclude>
    <ClInclude Include="Sprite.h">
      <Filter>09. Sprite</Filter>
    </ClInclude>
    <ClInclude Include="ALLog.h">
      <Filter>11. ALLog</Filter>
    </ClInclude>
  </ItemGroup>
</Project>